// !$*UTF8*$!
{
	archiveVersion = 1;
	classes = {
	};
	objectVersion = 56;
	objects = {

/* Begin PBXBuildFile section */
		6322D47F2BE22FAA00462FE0 /* AppDelegate.swift in Sources */ = {isa = PBXBuildFile; fileRef = 6322D47E2BE22FAA00462FE0 /* AppDelegate.swift */; };
		6322D4812BE22FAA00462FE0 /* SceneDelegate.swift in Sources */ = {isa = PBXBuildFile; fileRef = 6322D4802BE22FAA00462FE0 /* SceneDelegate.swift */; };
		6322D4882BE22FAB00462FE0 /* Assets.xcassets in Resources */ = {isa = PBXBuildFile; fileRef = 6322D4872BE22FAB00462FE0 /* Assets.xcassets */; };
		6322D48B2BE22FAB00462FE0 /* LaunchScreen.storyboard in Resources */ = {isa = PBXBuildFile; fileRef = 6322D4892BE22FAB00462FE0 /* LaunchScreen.storyboard */; };
		6322D4972BE2397000462FE0 /* WeatherViewController.swift in Sources */ = {isa = PBXBuildFile; fileRef = 6322D4952BE2397000462FE0 /* WeatherViewController.swift */; };
		6322D4982BE2397000462FE0 /* WeatherViewController.xib in Resources */ = {isa = PBXBuildFile; fileRef = 6322D4962BE2397000462FE0 /* WeatherViewController.xib */; };
		6322D49B2BE23A9400462FE0 /* WeatherInfoSectionView.swift in Sources */ = {isa = PBXBuildFile; fileRef = 6322D4992BE23A9300462FE0 /* WeatherInfoSectionView.swift */; };
		6322D49C2BE23A9400462FE0 /* WeatherInfoSectionView.xib in Resources */ = {isa = PBXBuildFile; fileRef = 6322D49A2BE23A9300462FE0 /* WeatherInfoSectionView.xib */; };
		6322D49F2BE2429E00462FE0 /* UIView+fromNib.swift in Sources */ = {isa = PBXBuildFile; fileRef = 6322D49E2BE2429E00462FE0 /* UIView+fromNib.swift */; };
		6322D4A12BE2435100462FE0 /* UINibLoadable.swift in Sources */ = {isa = PBXBuildFile; fileRef = 6322D4A02BE2435100462FE0 /* UINibLoadable.swift */; };
		6322D4A92BE4DC6C00462FE0 /* TodayWeatherSectionView.xib in Resources */ = {isa = PBXBuildFile; fileRef = 6322D4A82BE4DC6C00462FE0 /* TodayWeatherSectionView.xib */; };
		63A377EC2BEA263200173A89 /* CoreDataService.swift in Sources */ = {isa = PBXBuildFile; fileRef = 63A377EB2BEA263200173A89 /* CoreDataService.swift */; };
		63B0BE7E2BECF00400E4A045 /* DayForecastSectionViewController.swift in Sources */ = {isa = PBXBuildFile; fileRef = 63B0BE7D2BECF00400E4A045 /* DayForecastSectionViewController.swift */; };
		63B0BE802BECF09500E4A045 /* DayForecastSectionView.swift in Sources */ = {isa = PBXBuildFile; fileRef = 63B0BE7F2BECF09500E4A045 /* DayForecastSectionView.swift */; };
		63B0BE842BECF0AF00E4A045 /* DayForecastSectionView.xib in Resources */ = {isa = PBXBuildFile; fileRef = 63B0BE832BECF0AF00E4A045 /* DayForecastSectionView.xib */; };
		63B0BE882BECF3F000E4A045 /* LocalWeatherService.swift in Sources */ = {isa = PBXBuildFile; fileRef = 63B0BE872BECF3F000E4A045 /* LocalWeatherService.swift */; };
		63B0BE8A2BECF42300E4A045 /* Weather.swift in Sources */ = {isa = PBXBuildFile; fileRef = 63B0BE892BECF42300E4A045 /* Weather.swift */; };
		63B0BE8C2BEE27E400E4A045 /* APIConstant.swift in Sources */ = {isa = PBXBuildFile; fileRef = 63B0BE8B2BEE27E400E4A045 /* APIConstant.swift */; };
		63F5F8502BEA9D4A002A855D /* TodayWeatherSectionView.swift in Sources */ = {isa = PBXBuildFile; fileRef = 63F5F84F2BEA9D4A002A855D /* TodayWeatherSectionView.swift */; };
		63F5F8582BEAB2BF002A855D /* WeatherInfoService.swift in Sources */ = {isa = PBXBuildFile; fileRef = 63F5F8572BEAB2BF002A855D /* WeatherInfoService.swift */; };
		63F5F85A2BECCB3D002A855D /* NetworkService.swift in Sources */ = {isa = PBXBuildFile; fileRef = 63F5F8592BECCB3D002A855D /* NetworkService.swift */; };
		63F5F85C2BECCBA0002A855D /* WeatherCompositeService.swift in Sources */ = {isa = PBXBuildFile; fileRef = 63F5F85B2BECCBA0002A855D /* WeatherCompositeService.swift */; };
		63F5F85E2BECCBD4002A855D /* RemoteWeatherService.swift in Sources */ = {isa = PBXBuildFile; fileRef = 63F5F85D2BECCBD4002A855D /* RemoteWeatherService.swift */; };
		63F5F8602BECCC57002A855D /* CoreDataService+LocalWeatherService.swift in Sources */ = {isa = PBXBuildFile; fileRef = 63F5F85F2BECCC57002A855D /* CoreDataService+LocalWeatherService.swift */; };
		63F5F8622BECD699002A855D /* TableView+CollectionView+reusingCell.swift in Sources */ = {isa = PBXBuildFile; fileRef = 63F5F8612BECD699002A855D /* TableView+CollectionView+reusingCell.swift */; };
		63F5F8642BECD6CF002A855D /* UICollectionView+register.swift in Sources */ = {isa = PBXBuildFile; fileRef = 63F5F8632BECD6CF002A855D /* UICollectionView+register.swift */; };
		63F5F8662BECD6EE002A855D /*  UIViewController+init+className.swift in Sources */ = {isa = PBXBuildFile; fileRef = 63F5F8652BECD6EE002A855D /*  UIViewController+init+className.swift */; };
		63F5F8682BECECED002A855D /* TodayWeatherSectionViewController.swift in Sources */ = {isa = PBXBuildFile; fileRef = 63F5F8672BECECED002A855D /* TodayWeatherSectionViewController.swift */; };
		63F5F86A2BECED81002A855D /* WeatherInfoHeaderViewController.swift in Sources */ = {isa = PBXBuildFile; fileRef = 63F5F8692BECED81002A855D /* WeatherInfoHeaderViewController.swift */; };
/* End PBXBuildFile section */

/* Begin PBXFileReference section */
		6322D47B2BE22FAA00462FE0 /* YourWeather.app */ = {isa = PBXFileReference; explicitFileType = wrapper.application; includeInIndex = 0; path = YourWeather.app; sourceTree = BUILT_PRODUCTS_DIR; };
		6322D47E2BE22FAA00462FE0 /* AppDelegate.swift */ = {isa = PBXFileReference; lastKnownFileType = sourcecode.swift; path = AppDelegate.swift; sourceTree = "<group>"; };
		6322D4802BE22FAA00462FE0 /* SceneDelegate.swift */ = {isa = PBXFileReference; lastKnownFileType = sourcecode.swift; path = SceneDelegate.swift; sourceTree = "<group>"; };
		6322D4872BE22FAB00462FE0 /* Assets.xcassets */ = {isa = PBXFileReference; lastKnownFileType = folder.assetcatalog; path = Assets.xcassets; sourceTree = "<group>"; };
		6322D48A2BE22FAB00462FE0 /* Base */ = {isa = PBXFileReference; lastKnownFileType = file.storyboard; name = Base; path = Base.lproj/LaunchScreen.storyboard; sourceTree = "<group>"; };
		6322D48C2BE22FAB00462FE0 /* Info.plist */ = {isa = PBXFileReference; lastKnownFileType = text.plist.xml; path = Info.plist; sourceTree = "<group>"; };
		6322D4952BE2397000462FE0 /* WeatherViewController.swift */ = {isa = PBXFileReference; lastKnownFileType = sourcecode.swift; path = WeatherViewController.swift; sourceTree = "<group>"; };
		6322D4962BE2397000462FE0 /* WeatherViewController.xib */ = {isa = PBXFileReference; lastKnownFileType = file.xib; path = WeatherViewController.xib; sourceTree = "<group>"; };
		6322D4992BE23A9300462FE0 /* WeatherInfoSectionView.swift */ = {isa = PBXFileReference; lastKnownFileType = sourcecode.swift; path = WeatherInfoSectionView.swift; sourceTree = "<group>"; };
		6322D49A2BE23A9300462FE0 /* WeatherInfoSectionView.xib */ = {isa = PBXFileReference; lastKnownFileType = file.xib; path = WeatherInfoSectionView.xib; sourceTree = "<group>"; };
		6322D49E2BE2429E00462FE0 /* UIView+fromNib.swift */ = {isa = PBXFileReference; lastKnownFileType = sourcecode.swift; path = "UIView+fromNib.swift"; sourceTree = "<group>"; };
		6322D4A02BE2435100462FE0 /* UINibLoadable.swift */ = {isa = PBXFileReference; lastKnownFileType = sourcecode.swift; path = UINibLoadable.swift; sourceTree = "<group>"; };
		6322D4A82BE4DC6C00462FE0 /* TodayWeatherSectionView.xib */ = {isa = PBXFileReference; lastKnownFileType = file.xib; path = TodayWeatherSectionView.xib; sourceTree = "<group>"; };
		63A377EB2BEA263200173A89 /* CoreDataService.swift */ = {isa = PBXFileReference; lastKnownFileType = sourcecode.swift; path = CoreDataService.swift; sourceTree = "<group>"; };
		63B0BE7D2BECF00400E4A045 /* DayForecastSectionViewController.swift */ = {isa = PBXFileReference; lastKnownFileType = sourcecode.swift; path = DayForecastSectionViewController.swift; sourceTree = "<group>"; };
		63B0BE7F2BECF09500E4A045 /* DayForecastSectionView.swift */ = {isa = PBXFileReference; lastKnownFileType = sourcecode.swift; path = DayForecastSectionView.swift; sourceTree = "<group>"; };
		63B0BE832BECF0AF00E4A045 /* DayForecastSectionView.xib */ = {isa = PBXFileReference; lastKnownFileType = file.xib; path = DayForecastSectionView.xib; sourceTree = "<group>"; };
		63B0BE872BECF3F000E4A045 /* LocalWeatherService.swift */ = {isa = PBXFileReference; lastKnownFileType = sourcecode.swift; path = LocalWeatherService.swift; sourceTree = "<group>"; };
		63B0BE892BECF42300E4A045 /* Weather.swift */ = {isa = PBXFileReference; lastKnownFileType = sourcecode.swift; path = Weather.swift; sourceTree = "<group>"; };
		63B0BE8B2BEE27E400E4A045 /* APIConstant.swift */ = {isa = PBXFileReference; lastKnownFileType = sourcecode.swift; path = APIConstant.swift; sourceTree = "<group>"; };
		63F5F84F2BEA9D4A002A855D /* TodayWeatherSectionView.swift */ = {isa = PBXFileReference; lastKnownFileType = sourcecode.swift; path = TodayWeatherSectionView.swift; sourceTree = "<group>"; };
		63F5F8572BEAB2BF002A855D /* WeatherInfoService.swift */ = {isa = PBXFileReference; lastKnownFileType = sourcecode.swift; path = WeatherInfoService.swift; sourceTree = "<group>"; };
		63F5F8592BECCB3D002A855D /* NetworkService.swift */ = {isa = PBXFileReference; lastKnownFileType = sourcecode.swift; path = NetworkService.swift; sourceTree = "<group>"; };
		63F5F85B2BECCBA0002A855D /* WeatherCompositeService.swift */ = {isa = PBXFileReference; lastKnownFileType = sourcecode.swift; path = WeatherCompositeService.swift; sourceTree = "<group>"; };
		63F5F85D2BECCBD4002A855D /* RemoteWeatherService.swift */ = {isa = PBXFileReference; lastKnownFileType = sourcecode.swift; path = RemoteWeatherService.swift; sourceTree = "<group>"; };
		63F5F85F2BECCC57002A855D /* CoreDataService+LocalWeatherService.swift */ = {isa = PBXFileReference; lastKnownFileType = sourcecode.swift; path = "CoreDataService+LocalWeatherService.swift"; sourceTree = "<group>"; };
		63F5F8612BECD699002A855D /* TableView+CollectionView+reusingCell.swift */ = {isa = PBXFileReference; lastKnownFileType = sourcecode.swift; path = "TableView+CollectionView+reusingCell.swift"; sourceTree = "<group>"; };
		63F5F8632BECD6CF002A855D /* UICollectionView+register.swift */ = {isa = PBXFileReference; lastKnownFileType = sourcecode.swift; path = "UICollectionView+register.swift"; sourceTree = "<group>"; };
		63F5F8652BECD6EE002A855D /*  UIViewController+init+className.swift */ = {isa = PBXFileReference; lastKnownFileType = sourcecode.swift; path = " UIViewController+init+className.swift"; sourceTree = "<group>"; };
		63F5F8672BECECED002A855D /* TodayWeatherSectionViewController.swift */ = {isa = PBXFileReference; lastKnownFileType = sourcecode.swift; path = TodayWeatherSectionViewController.swift; sourceTree = "<group>"; };
		63F5F8692BECED81002A855D /* WeatherInfoHeaderViewController.swift */ = {isa = PBXFileReference; lastKnownFileType = sourcecode.swift; path = WeatherInfoHeaderViewController.swift; sourceTree = "<group>"; };
/* End PBXFileReference section */

/* Begin PBXFrameworksBuildPhase section */
		6322D4782BE22FAA00462FE0 /* Frameworks */ = {
			isa = PBXFrameworksBuildPhase;
			buildActionMask = 2147483647;
			files = (
			);
			runOnlyForDeploymentPostprocessing = 0;
		};
/* End PBXFrameworksBuildPhase section */

/* Begin PBXGroup section */
		6322D4722BE22FAA00462FE0 = {
			isa = PBXGroup;
			children = (
				6322D47D2BE22FAA00462FE0 /* YourWeather */,
				6322D47C2BE22FAA00462FE0 /* Products */,
			);
			sourceTree = "<group>";
		};
		6322D47C2BE22FAA00462FE0 /* Products */ = {
			isa = PBXGroup;
			children = (
				6322D47B2BE22FAA00462FE0 /* YourWeather.app */,
			);
			name = Products;
			sourceTree = "<group>";
		};
		6322D47D2BE22FAA00462FE0 /* YourWeather */ = {
			isa = PBXGroup;
			children = (
				63F5F83C2BEA3A9D002A855D /* Shared */,
				6322D4922BE238FB00462FE0 /* App */,
				63F5F83B2BEA3A64002A855D /* Screens */,
				63F5F83D2BEA3D64002A855D /* SupportingFiles */,
				6322D48C2BE22FAB00462FE0 /* Info.plist */,
			);
			path = YourWeather;
			sourceTree = "<group>";
		};
		6322D4922BE238FB00462FE0 /* App */ = {
			isa = PBXGroup;
			children = (
				63B0BE862BECF37F00E4A045 /* Weather */,
				63A377ED2BEA268400173A89 /* Services */,
				6322D47E2BE22FAA00462FE0 /* AppDelegate.swift */,
				6322D4802BE22FAA00462FE0 /* SceneDelegate.swift */,
			);
			path = App;
			sourceTree = "<group>";
		};
		6322D4942BE2391400462FE0 /* Weather */ = {
			isa = PBXGroup;
			children = (
				63F5F8512BEAA35B002A855D /* Header */,
				63F5F8492BEA9AF2002A855D /* TodaySection */,
				63F5F8522BEAA3E4002A855D /* DayForecast */,
				63F5F8532BEAA42A002A855D /* Container */,
			);
			path = Weather;
			sourceTree = "<group>";
		};
		6322D49D2BE2428E00462FE0 /* Extensions */ = {
			isa = PBXGroup;
			children = (
				6322D49E2BE2429E00462FE0 /* UIView+fromNib.swift */,
				6322D4A02BE2435100462FE0 /* UINibLoadable.swift */,
				63F5F8612BECD699002A855D /* TableView+CollectionView+reusingCell.swift */,
				63F5F8632BECD6CF002A855D /* UICollectionView+register.swift */,
				63F5F8652BECD6EE002A855D /*  UIViewController+init+className.swift */,
			);
			path = Extensions;
			sourceTree = "<group>";
		};
		63A377ED2BEA268400173A89 /* Services */ = {
			isa = PBXGroup;
			children = (
				63F5F8592BECCB3D002A855D /* NetworkService.swift */,
				63A377EB2BEA263200173A89 /* CoreDataService.swift */,
				63F5F85F2BECCC57002A855D /* CoreDataService+LocalWeatherService.swift */,
			);
			path = Services;
			sourceTree = "<group>";
		};
		63B0BE862BECF37F00E4A045 /* Weather */ = {
			isa = PBXGroup;
			children = (
				63F5F85B2BECCBA0002A855D /* WeatherCompositeService.swift */,
				63B0BE872BECF3F000E4A045 /* LocalWeatherService.swift */,
				63F5F85D2BECCBD4002A855D /* RemoteWeatherService.swift */,
				63B0BE8B2BEE27E400E4A045 /* APIConstant.swift */,
			);
			path = Weather;
			sourceTree = "<group>";
		};
		63F5F83B2BEA3A64002A855D /* Screens */ = {
			isa = PBXGroup;
			children = (
				6322D4942BE2391400462FE0 /* Weather */,
			);
			path = Screens;
			sourceTree = "<group>";
		};
		63F5F83C2BEA3A9D002A855D /* Shared */ = {
			isa = PBXGroup;
			children = (
				6322D49D2BE2428E00462FE0 /* Extensions */,
			);
			path = Shared;
			sourceTree = "<group>";
		};
		63F5F83D2BEA3D64002A855D /* SupportingFiles */ = {
			isa = PBXGroup;
			children = (
				6322D4892BE22FAB00462FE0 /* LaunchScreen.storyboard */,
				6322D4872BE22FAB00462FE0 /* Assets.xcassets */,
			);
			path = SupportingFiles;
			sourceTree = "<group>";
		};
		63F5F8492BEA9AF2002A855D /* TodaySection */ = {
			isa = PBXGroup;
			children = (
				63F5F84F2BEA9D4A002A855D /* TodayWeatherSectionView.swift */,
				6322D4A82BE4DC6C00462FE0 /* TodayWeatherSectionView.xib */,
				63F5F8672BECECED002A855D /* TodayWeatherSectionViewController.swift */,
			);
			path = TodaySection;
			sourceTree = "<group>";
		};
		63F5F8512BEAA35B002A855D /* Header */ = {
			isa = PBXGroup;
			children = (
				6322D4992BE23A9300462FE0 /* WeatherInfoSectionView.swift */,
				6322D49A2BE23A9300462FE0 /* WeatherInfoSectionView.xib */,
				63F5F8692BECED81002A855D /* WeatherInfoHeaderViewController.swift */,
			);
			path = Header;
			sourceTree = "<group>";
		};
		63F5F8522BEAA3E4002A855D /* DayForecast */ = {
			isa = PBXGroup;
			children = (
				63B0BE7F2BECF09500E4A045 /* DayForecastSectionView.swift */,
				63B0BE832BECF0AF00E4A045 /* DayForecastSectionView.xib */,
				63B0BE7D2BECF00400E4A045 /* DayForecastSectionViewController.swift */,
			);
			path = DayForecast;
			sourceTree = "<group>";
		};
		63F5F8532BEAA42A002A855D /* Container */ = {
			isa = PBXGroup;
			children = (
				63B0BE892BECF42300E4A045 /* Weather.swift */,
				63F5F8572BEAB2BF002A855D /* WeatherInfoService.swift */,
				6322D4952BE2397000462FE0 /* WeatherViewController.swift */,
				6322D4962BE2397000462FE0 /* WeatherViewController.xib */,
			);
			path = Container;
			sourceTree = "<group>";
		};
/* End PBXGroup section */

/* Begin PBXNativeTarget section */
		6322D47A2BE22FAA00462FE0 /* YourWeather */ = {
			isa = PBXNativeTarget;
			buildConfigurationList = 6322D48F2BE22FAB00462FE0 /* Build configuration list for PBXNativeTarget "YourWeather" */;
			buildPhases = (
				6322D4772BE22FAA00462FE0 /* Sources */,
				6322D4782BE22FAA00462FE0 /* Frameworks */,
				6322D4792BE22FAA00462FE0 /* Resources */,
			);
			buildRules = (
			);
			dependencies = (
			);
			name = YourWeather;
			productName = YourWeather;
			productReference = 6322D47B2BE22FAA00462FE0 /* YourWeather.app */;
			productType = "com.apple.product-type.application";
		};
/* End PBXNativeTarget section */

/* Begin PBXProject section */
		6322D4732BE22FAA00462FE0 /* Project object */ = {
			isa = PBXProject;
			attributes = {
				BuildIndependentTargetsInParallel = 1;
				LastSwiftUpdateCheck = 1430;
				LastUpgradeCheck = 1430;
				TargetAttributes = {
					6322D47A2BE22FAA00462FE0 = {
						CreatedOnToolsVersion = 14.3.1;
					};
				};
			};
			buildConfigurationList = 6322D4762BE22FAA00462FE0 /* Build configuration list for PBXProject "YourWeather" */;
			compatibilityVersion = "Xcode 14.0";
			developmentRegion = en;
			hasScannedForEncodings = 0;
			knownRegions = (
				en,
				Base,
			);
			mainGroup = 6322D4722BE22FAA00462FE0;
			productRefGroup = 6322D47C2BE22FAA00462FE0 /* Products */;
			projectDirPath = "";
			projectRoot = "";
			targets = (
				6322D47A2BE22FAA00462FE0 /* YourWeather */,
			);
		};
/* End PBXProject section */

/* Begin PBXResourcesBuildPhase section */
		6322D4792BE22FAA00462FE0 /* Resources */ = {
			isa = PBXResourcesBuildPhase;
			buildActionMask = 2147483647;
			files = (
				6322D49C2BE23A9400462FE0 /* WeatherInfoSectionView.xib in Resources */,
				6322D48B2BE22FAB00462FE0 /* LaunchScreen.storyboard in Resources */,
				6322D4982BE2397000462FE0 /* WeatherViewController.xib in Resources */,
				6322D4A92BE4DC6C00462FE0 /* TodayWeatherSectionView.xib in Resources */,
				63B0BE842BECF0AF00E4A045 /* DayForecastSectionView.xib in Resources */,
				6322D4882BE22FAB00462FE0 /* Assets.xcassets in Resources */,
			);
			runOnlyForDeploymentPostprocessing = 0;
		};
/* End PBXResourcesBuildPhase section */

/* Begin PBXSourcesBuildPhase section */
		6322D4772BE22FAA00462FE0 /* Sources */ = {
			isa = PBXSourcesBuildPhase;
			buildActionMask = 2147483647;
			files = (
				63B0BE8A2BECF42300E4A045 /* Weather.swift in Sources */,
				63B0BE802BECF09500E4A045 /* DayForecastSectionView.swift in Sources */,
				6322D49F2BE2429E00462FE0 /* UIView+fromNib.swift in Sources */,
				63F5F8502BEA9D4A002A855D /* TodayWeatherSectionView.swift in Sources */,
				6322D4A12BE2435100462FE0 /* UINibLoadable.swift in Sources */,
				6322D49B2BE23A9400462FE0 /* WeatherInfoSectionView.swift in Sources */,
				63F5F8602BECCC57002A855D /* CoreDataService+LocalWeatherService.swift in Sources */,
				63B0BE8C2BEE27E400E4A045 /* APIConstant.swift in Sources */,
				6322D4972BE2397000462FE0 /* WeatherViewController.swift in Sources */,
				63F5F8642BECD6CF002A855D /* UICollectionView+register.swift in Sources */,
				63F5F86A2BECED81002A855D /* WeatherInfoHeaderViewController.swift in Sources */,
				63B0BE7E2BECF00400E4A045 /* DayForecastSectionViewController.swift in Sources */,
				63A377EC2BEA263200173A89 /* CoreDataService.swift in Sources */,
				63F5F85C2BECCBA0002A855D /* WeatherCompositeService.swift in Sources */,
				6322D47F2BE22FAA00462FE0 /* AppDelegate.swift in Sources */,
				63F5F8622BECD699002A855D /* TableView+CollectionView+reusingCell.swift in Sources */,
				63F5F85E2BECCBD4002A855D /* RemoteWeatherService.swift in Sources */,
				63F5F8582BEAB2BF002A855D /* WeatherInfoService.swift in Sources */,
				6322D4812BE22FAA00462FE0 /* SceneDelegate.swift in Sources */,
				63B0BE882BECF3F000E4A045 /* LocalWeatherService.swift in Sources */,
				63F5F85A2BECCB3D002A855D /* NetworkService.swift in Sources */,
				63F5F8662BECD6EE002A855D /*  UIViewController+init+className.swift in Sources */,
				63F5F8682BECECED002A855D /* TodayWeatherSectionViewController.swift in Sources */,
			);
			runOnlyForDeploymentPostprocessing = 0;
		};
/* End PBXSourcesBuildPhase section */

/* Begin PBXVariantGroup section */
		6322D4892BE22FAB00462FE0 /* LaunchScreen.storyboard */ = {
			isa = PBXVariantGroup;
			children = (
				6322D48A2BE22FAB00462FE0 /* Base */,
			);
			name = LaunchScreen.storyboard;
			sourceTree = "<group>";
		};
/* End PBXVariantGroup section */

/* Begin XCBuildConfiguration section */
		6322D48D2BE22FAB00462FE0 /* Debug */ = {
			isa = XCBuildConfiguration;
			buildSettings = {
				ALWAYS_SEARCH_USER_PATHS = NO;
				CLANG_ANALYZER_NONNULL = YES;
				CLANG_ANALYZER_NUMBER_OBJECT_CONVERSION = YES_AGGRESSIVE;
				CLANG_CXX_LANGUAGE_STANDARD = "gnu++20";
				CLANG_ENABLE_MODULES = YES;
				CLANG_ENABLE_OBJC_ARC = YES;
				CLANG_ENABLE_OBJC_WEAK = YES;
				CLANG_WARN_BLOCK_CAPTURE_AUTORELEASING = YES;
				CLANG_WARN_BOOL_CONVERSION = YES;
				CLANG_WARN_COMMA = YES;
				CLANG_WARN_CONSTANT_CONVERSION = YES;
				CLANG_WARN_DEPRECATED_OBJC_IMPLEMENTATIONS = YES;
				CLANG_WARN_DIRECT_OBJC_ISA_USAGE = YES_ERROR;
				CLANG_WARN_DOCUMENTATION_COMMENTS = YES;
				CLANG_WARN_EMPTY_BODY = YES;
				CLANG_WARN_ENUM_CONVERSION = YES;
				CLANG_WARN_INFINITE_RECURSION = YES;
				CLANG_WARN_INT_CONVERSION = YES;
				CLANG_WARN_NON_LITERAL_NULL_CONVERSION = YES;
				CLANG_WARN_OBJC_IMPLICIT_RETAIN_SELF = YES;
				CLANG_WARN_OBJC_LITERAL_CONVERSION = YES;
				CLANG_WARN_OBJC_ROOT_CLASS = YES_ERROR;
				CLANG_WARN_QUOTED_INCLUDE_IN_FRAMEWORK_HEADER = YES;
				CLANG_WARN_RANGE_LOOP_ANALYSIS = YES;
				CLANG_WARN_STRICT_PROTOTYPES = YES;
				CLANG_WARN_SUSPICIOUS_MOVE = YES;
				CLANG_WARN_UNGUARDED_AVAILABILITY = YES_AGGRESSIVE;
				CLANG_WARN_UNREACHABLE_CODE = YES;
				CLANG_WARN__DUPLICATE_METHOD_MATCH = YES;
				COPY_PHASE_STRIP = NO;
				DEBUG_INFORMATION_FORMAT = dwarf;
				ENABLE_STRICT_OBJC_MSGSEND = YES;
				ENABLE_TESTABILITY = YES;
				GCC_C_LANGUAGE_STANDARD = gnu11;
				GCC_DYNAMIC_NO_PIC = NO;
				GCC_NO_COMMON_BLOCKS = YES;
				GCC_OPTIMIZATION_LEVEL = 0;
				GCC_PREPROCESSOR_DEFINITIONS = (
					"DEBUG=1",
					"$(inherited)",
				);
				GCC_WARN_64_TO_32_BIT_CONVERSION = YES;
				GCC_WARN_ABOUT_RETURN_TYPE = YES_ERROR;
				GCC_WARN_UNDECLARED_SELECTOR = YES;
				GCC_WARN_UNINITIALIZED_AUTOS = YES_AGGRESSIVE;
				GCC_WARN_UNUSED_FUNCTION = YES;
				GCC_WARN_UNUSED_VARIABLE = YES;
				IPHONEOS_DEPLOYMENT_TARGET = 16.4;
				MTL_ENABLE_DEBUG_INFO = INCLUDE_SOURCE;
				MTL_FAST_MATH = YES;
				ONLY_ACTIVE_ARCH = YES;
				SDKROOT = iphoneos;
				SWIFT_ACTIVE_COMPILATION_CONDITIONS = DEBUG;
				SWIFT_OPTIMIZATION_LEVEL = "-Onone";
			};
			name = Debug;
		};
		6322D48E2BE22FAB00462FE0 /* Release */ = {
			isa = XCBuildConfiguration;
			buildSettings = {
				ALWAYS_SEARCH_USER_PATHS = NO;
				CLANG_ANALYZER_NONNULL = YES;
				CLANG_ANALYZER_NUMBER_OBJECT_CONVERSION = YES_AGGRESSIVE;
				CLANG_CXX_LANGUAGE_STANDARD = "gnu++20";
				CLANG_ENABLE_MODULES = YES;
				CLANG_ENABLE_OBJC_ARC = YES;
				CLANG_ENABLE_OBJC_WEAK = YES;
				CLANG_WARN_BLOCK_CAPTURE_AUTORELEASING = YES;
				CLANG_WARN_BOOL_CONVERSION = YES;
				CLANG_WARN_COMMA = YES;
				CLANG_WARN_CONSTANT_CONVERSION = YES;
				CLANG_WARN_DEPRECATED_OBJC_IMPLEMENTATIONS = YES;
				CLANG_WARN_DIRECT_OBJC_ISA_USAGE = YES_ERROR;
				CLANG_WARN_DOCUMENTATION_COMMENTS = YES;
				CLANG_WARN_EMPTY_BODY = YES;
				CLANG_WARN_ENUM_CONVERSION = YES;
				CLANG_WARN_INFINITE_RECURSION = YES;
				CLANG_WARN_INT_CONVERSION = YES;
				CLANG_WARN_NON_LITERAL_NULL_CONVERSION = YES;
				CLANG_WARN_OBJC_IMPLICIT_RETAIN_SELF = YES;
				CLANG_WARN_OBJC_LITERAL_CONVERSION = YES;
				CLANG_WARN_OBJC_ROOT_CLASS = YES_ERROR;
				CLANG_WARN_QUOTED_INCLUDE_IN_FRAMEWORK_HEADER = YES;
				CLANG_WARN_RANGE_LOOP_ANALYSIS = YES;
				CLANG_WARN_STRICT_PROTOTYPES = YES;
				CLANG_WARN_SUSPICIOUS_MOVE = YES;
				CLANG_WARN_UNGUARDED_AVAILABILITY = YES_AGGRESSIVE;
				CLANG_WARN_UNREACHABLE_CODE = YES;
				CLANG_WARN__DUPLICATE_METHOD_MATCH = YES;
				COPY_PHASE_STRIP = NO;
				DEBUG_INFORMATION_FORMAT = "dwarf-with-dsym";
				ENABLE_NS_ASSERTIONS = NO;
				ENABLE_STRICT_OBJC_MSGSEND = YES;
				GCC_C_LANGUAGE_STANDARD = gnu11;
				GCC_NO_COMMON_BLOCKS = YES;
				GCC_WARN_64_TO_32_BIT_CONVERSION = YES;
				GCC_WARN_ABOUT_RETURN_TYPE = YES_ERROR;
				GCC_WARN_UNDECLARED_SELECTOR = YES;
				GCC_WARN_UNINITIALIZED_AUTOS = YES_AGGRESSIVE;
				GCC_WARN_UNUSED_FUNCTION = YES;
				GCC_WARN_UNUSED_VARIABLE = YES;
				IPHONEOS_DEPLOYMENT_TARGET = 16.4;
				MTL_ENABLE_DEBUG_INFO = NO;
				MTL_FAST_MATH = YES;
				SDKROOT = iphoneos;
				SWIFT_COMPILATION_MODE = wholemodule;
				SWIFT_OPTIMIZATION_LEVEL = "-O";
				VALIDATE_PRODUCT = YES;
			};
			name = Release;
		};
		6322D4902BE22FAB00462FE0 /* Debug */ = {
			isa = XCBuildConfiguration;
			buildSettings = {
				ASSETCATALOG_COMPILER_APPICON_NAME = AppIcon;
				ASSETCATALOG_COMPILER_GLOBAL_ACCENT_COLOR_NAME = AccentColor;
				CODE_SIGN_STYLE = Automatic;
				CURRENT_PROJECT_VERSION = 1;
				DEVELOPMENT_TEAM = CW43T79V3J;
				GENERATE_INFOPLIST_FILE = YES;
				INFOPLIST_FILE = YourWeather/Info.plist;
				INFOPLIST_KEY_UIApplicationSupportsIndirectInputEvents = YES;
				INFOPLIST_KEY_UILaunchStoryboardName = LaunchScreen;
				INFOPLIST_KEY_UISupportedInterfaceOrientations_iPad = "UIInterfaceOrientationPortrait UIInterfaceOrientationPortraitUpsideDown UIInterfaceOrientationLandscapeLeft UIInterfaceOrientationLandscapeRight";
				INFOPLIST_KEY_UISupportedInterfaceOrientations_iPhone = "UIInterfaceOrientationPortrait UIInterfaceOrientationLandscapeLeft UIInterfaceOrientationLandscapeRight";
				LD_RUNPATH_SEARCH_PATHS = (
					"$(inherited)",
					"@executable_path/Frameworks",
				);
				MARKETING_VERSION = 1.0;
				PRODUCT_BUNDLE_IDENTIFIER = com.vika.YourWeather;
				PRODUCT_NAME = "$(TARGET_NAME)";
				SWIFT_EMIT_LOC_STRINGS = YES;
				SWIFT_VERSION = 5.0;
				TARGETED_DEVICE_FAMILY = "1,2";
			};
			name = Debug;
		};
		6322D4912BE22FAB00462FE0 /* Release */ = {
			isa = XCBuildConfiguration;
			buildSettings = {
				ASSETCATALOG_COMPILER_APPICON_NAME = AppIcon;
				ASSETCATALOG_COMPILER_GLOBAL_ACCENT_COLOR_NAME = AccentColor;
				CODE_SIGN_STYLE = Automatic;
				CURRENT_PROJECT_VERSION = 1;
				DEVELOPMENT_TEAM = CW43T79V3J;
				GENERATE_INFOPLIST_FILE = YES;
				INFOPLIST_FILE = YourWeather/Info.plist;
				INFOPLIST_KEY_UIApplicationSupportsIndirectInputEvents = YES;
				INFOPLIST_KEY_UILaunchStoryboardName = LaunchScreen;
				INFOPLIST_KEY_UISupportedInterfaceOrientations_iPad = "UIInterfaceOrientationPortrait UIInterfaceOrientationPortraitUpsideDown UIInterfaceOrientationLandscapeLeft UIInterfaceOrientationLandscapeRight";
				INFOPLIST_KEY_UISupportedInterfaceOrientations_iPhone = "UIInterfaceOrientationPortrait UIInterfaceOrientationLandscapeLeft UIInterfaceOrientationLandscapeRight";
				LD_RUNPATH_SEARCH_PATHS = (
					"$(inherited)",
					"@executable_path/Frameworks",
				);
				MARKETING_VERSION = 1.0;
				PRODUCT_BUNDLE_IDENTIFIER = com.vika.YourWeather;
				PRODUCT_NAME = "$(TARGET_NAME)";
				SWIFT_EMIT_LOC_STRINGS = YES;
				SWIFT_VERSION = 5.0;
				TARGETED_DEVICE_FAMILY = "1,2";
			};
			name = Release;
		};
/* End XCBuildConfiguration section */

/* Begin XCConfigurationList section */
		6322D4762BE22FAA00462FE0 /* Build configuration list for PBXProject "YourWeather" */ = {
			isa = XCConfigurationList;
			buildConfigurations = (
				6322D48D2BE22FAB00462FE0 /* Debug */,
				6322D48E2BE22FAB00462FE0 /* Release */,
			);
			defaultConfigurationIsVisible = 0;
			defaultConfigurationName = Release;
		};
		6322D48F2BE22FAB00462FE0 /* Build configuration list for PBXNativeTarget "YourWeather" */ = {
			isa = XCConfigurationList;
			buildConfigurations = (
				6322D4902BE22FAB00462FE0 /* Debug */,
				6322D4912BE22FAB00462FE0 /* Release */,
			);
			defaultConfigurationIsVisible = 0;
			defaultConfigurationName = Release;
		};
/* End XCConfigurationList section */
	};
	rootObject = 6322D4732BE22FAA00462FE0 /* Project object */;
}
